
Microsoft Visual Studio Solution File, Format Version 11.00
# Visual Studio 2010
Project("{FAE04EC0-301F-11D3-BF4B-00C04F79EFBC}") = "Assembly-CSharp", "Assembly-CSharp.csproj", "{ee3fe855-08db-a2ae-403c-87a1ebe320c1}"
EndProject
Project("{FAE04EC0-301F-11D3-BF4B-00C04F79EFBC}") = "Assembly-CSharp-Editor", "Assembly-CSharp-Editor.csproj", "{7d6dfe4d-aa54-e6f7-53a2-7e75dc73b2a0}"
EndProject
Global
	GlobalSection(SolutionConfigurationPlatforms) = preSolution
		Debug|Any CPU = Debug|Any CPU
	EndGlobalSection
	GlobalSection(ProjectConfigurationPlatforms) = postSolution
		{ee3fe855-08db-a2ae-403c-87a1ebe320c1}.Debug|Any CPU.ActiveCfg = Debug|Any CPU
		{ee3fe855-08db-a2ae-403c-87a1ebe320c1}.Debug|Any CPU.Build.0 = Debug|Any CPU
		{7d6dfe4d-aa54-e6f7-53a2-7e75dc73b2a0}.Debug|Any CPU.ActiveCfg = Debug|Any CPU
		{7d6dfe4d-aa54-e6f7-53a2-7e75dc73b2a0}.Debug|Any CPU.Build.0 = Debug|Any CPU
	EndGlobalSection
	GlobalSection(SolutionProperties) = preSolution
		HideSolutionNode = FALSE
	EndGlobalSection
EndGlobal
