
Microsoft Visual Studio Solution File, Format Version 11.00
# Visual Studio 2010
Project("{FAE04EC0-301F-11D3-BF4B-00C04F79EFBC}") = "Assembly-CSharp", "Assembly-CSharp.csproj", "{7ff6bd9b-fae7-e590-c59f-a3bb40f5c580}"
EndProject
Project("{FAE04EC0-301F-11D3-BF4B-00C04F79EFBC}") = "Assembly-CSharp-Editor", "Assembly-CSharp-Editor.csproj", "{858c7a63-461b-122f-b06c-96092a0123f4}"
EndProject
Global
	GlobalSection(SolutionConfigurationPlatforms) = preSolution
		Debug|Any CPU = Debug|Any CPU
	EndGlobalSection
	GlobalSection(ProjectConfigurationPlatforms) = postSolution
		{7ff6bd9b-fae7-e590-c59f-a3bb40f5c580}.Debug|Any CPU.ActiveCfg = Debug|Any CPU
		{7ff6bd9b-fae7-e590-c59f-a3bb40f5c580}.Debug|Any CPU.Build.0 = Debug|Any CPU
		{858c7a63-461b-122f-b06c-96092a0123f4}.Debug|Any CPU.ActiveCfg = Debug|Any CPU
		{858c7a63-461b-122f-b06c-96092a0123f4}.Debug|Any CPU.Build.0 = Debug|Any CPU
	EndGlobalSection
	GlobalSection(SolutionProperties) = preSolution
		HideSolutionNode = FALSE
	EndGlobalSection
EndGlobal
