
Microsoft Visual Studio Solution File, Format Version 12.00
# Visual Studio 15
Project("{FAE04EC0-301F-11D3-BF4B-00C04F79EFBC}") = "Assembly-CSharp", "Assembly-CSharp.csproj", "{9BBDF67F-E7FA-90E5-C59F-A3BB40F5C580}"
EndProject
Project("{FAE04EC0-301F-11D3-BF4B-00C04F79EFBC}") = "Assembly-CSharp-Editor", "Assembly-CSharp-Editor.csproj", "{637A8C85-1B46-2F12-B06C-96092A0123F4}"
EndProject
Global
	GlobalSection(SolutionConfigurationPlatforms) = preSolution
		Debug|Any CPU = Debug|Any CPU
		Release|Any CPU = Release|Any CPU
	EndGlobalSection
	GlobalSection(ProjectConfigurationPlatforms) = postSolution
		{9BBDF67F-E7FA-90E5-C59F-A3BB40F5C580}.Debug|Any CPU.ActiveCfg = Debug|Any CPU
		{9BBDF67F-E7FA-90E5-C59F-A3BB40F5C580}.Debug|Any CPU.Build.0 = Debug|Any CPU
		{9BBDF67F-E7FA-90E5-C59F-A3BB40F5C580}.Release|Any CPU.ActiveCfg = Release|Any CPU
		{9BBDF67F-E7FA-90E5-C59F-A3BB40F5C580}.Release|Any CPU.Build.0 = Release|Any CPU
		{637A8C85-1B46-2F12-B06C-96092A0123F4}.Debug|Any CPU.ActiveCfg = Debug|Any CPU
		{637A8C85-1B46-2F12-B06C-96092A0123F4}.Debug|Any CPU.Build.0 = Debug|Any CPU
		{637A8C85-1B46-2F12-B06C-96092A0123F4}.Release|Any CPU.ActiveCfg = Release|Any CPU
		{637A8C85-1B46-2F12-B06C-96092A0123F4}.Release|Any CPU.Build.0 = Release|Any CPU
	EndGlobalSection
	GlobalSection(SolutionProperties) = preSolution
		HideSolutionNode = FALSE
	EndGlobalSection
EndGlobal
